
Microsoft Visual Studio Solution File, Format Version 12.00
# Visual Studio Version 16
VisualStudioVersion = 16.0.29519.161
MinimumVisualStudioVersion = 10.0.40219.1
Project("{9A19103F-16F7-4668-BE54-9A1E7A4F7556}") = "WeatherLibrary", "WeatherLibrary\WeatherLibrary.csproj", "{47716931-6781-4B2F-9436-C21D7320ABA2}"
EndProject
Project("{9A19103F-16F7-4668-BE54-9A1E7A4F7556}") = "WeatherApp.Desktop", "WeatherApp.Desktop\WeatherApp.Desktop.csproj", "{88F5D832-D9C4-40F2-ACDF-C13E839CF01E}"
EndProject
Project("{9A19103F-16F7-4668-BE54-9A1E7A4F7556}") = "WeatherApp.Web", "WeatherApp.Web\WeatherApp.Web.csproj", "{514D0B07-F8B1-4066-9345-DAB0EABD54A1}"
EndProject
Project("{FAE04EC0-301F-11D3-BF4B-00C04F79EFBC}") = "WeatherApp.Web.MVVM", "WeatherApp.Web.MVVM\WeatherApp.Web.MVVM.csproj", "{B6E6895B-D522-48DC-BB90-C9C139ACE3C7}"
EndProject
Global
	GlobalSection(SolutionConfigurationPlatforms) = preSolution
		Debug|Any CPU = Debug|Any CPU
		Release|Any CPU = Release|Any CPU
	EndGlobalSection
	GlobalSection(ProjectConfigurationPlatforms) = postSolution
		{47716931-6781-4B2F-9436-C21D7320ABA2}.Debug|Any CPU.ActiveCfg = Debug|Any CPU
		{47716931-6781-4B2F-9436-C21D7320ABA2}.Debug|Any CPU.Build.0 = Debug|Any CPU
		{47716931-6781-4B2F-9436-C21D7320ABA2}.Release|Any CPU.ActiveCfg = Release|Any CPU
		{47716931-6781-4B2F-9436-C21D7320ABA2}.Release|Any CPU.Build.0 = Release|Any CPU
		{88F5D832-D9C4-40F2-ACDF-C13E839CF01E}.Debug|Any CPU.ActiveCfg = Debug|Any CPU
		{88F5D832-D9C4-40F2-ACDF-C13E839CF01E}.Debug|Any CPU.Build.0 = Debug|Any CPU
		{88F5D832-D9C4-40F2-ACDF-C13E839CF01E}.Release|Any CPU.ActiveCfg = Release|Any CPU
		{88F5D832-D9C4-40F2-ACDF-C13E839CF01E}.Release|Any CPU.Build.0 = Release|Any CPU
		{514D0B07-F8B1-4066-9345-DAB0EABD54A1}.Debug|Any CPU.ActiveCfg = Debug|Any CPU
		{514D0B07-F8B1-4066-9345-DAB0EABD54A1}.Debug|Any CPU.Build.0 = Debug|Any CPU
		{514D0B07-F8B1-4066-9345-DAB0EABD54A1}.Release|Any CPU.ActiveCfg = Release|Any CPU
		{514D0B07-F8B1-4066-9345-DAB0EABD54A1}.Release|Any CPU.Build.0 = Release|Any CPU
		{B6E6895B-D522-48DC-BB90-C9C139ACE3C7}.Debug|Any CPU.ActiveCfg = Debug|Any CPU
		{B6E6895B-D522-48DC-BB90-C9C139ACE3C7}.Debug|Any CPU.Build.0 = Debug|Any CPU
		{B6E6895B-D522-48DC-BB90-C9C139ACE3C7}.Release|Any CPU.ActiveCfg = Release|Any CPU
		{B6E6895B-D522-48DC-BB90-C9C139ACE3C7}.Release|Any CPU.Build.0 = Release|Any CPU
	EndGlobalSection
	GlobalSection(SolutionProperties) = preSolution
		HideSolutionNode = FALSE
	EndGlobalSection
	GlobalSection(ExtensibilityGlobals) = postSolution
		SolutionGuid = {F1DBE504-E840-4AC7-A74A-1149A2DB7AAB}
	EndGlobalSection
EndGlobal
